
Microsoft Visual Studio Solution File, Format Version 12.00
Project("{FAE04EC0-301F-11D3-BF4B-00C04F79EFBC}") = "WepApi", "WepApi\WepApi.csproj", "{75454D25-C655-406A-8A7E-2484C4C44EAE}"
EndProject
Project("{0214f7d3-d939-4b76-a842-bfeb3c12f0ce}") = "Skeleton", "Skeleton\Skeleton.csproj", "{0214f7d3-d939-4b76-a842-bfeb3c12f0ce}"
EndProject
Global
	GlobalSection(SolutionConfigurationPlatforms) = preSolution
		Debug|Any CPU = Debug|Any CPU
		Release|Any CPU = Release|Any CPU
	EndGlobalSection
	GlobalSection(ProjectConfigurationPlatforms) = postSolution
		{75454D25-C655-406A-8A7E-2484C4C44EAE}.Debug|Any CPU.ActiveCfg = Debug|Any CPU
		{75454D25-C655-406A-8A7E-2484C4C44EAE}.Debug|Any CPU.Build.0 = Debug|Any CPU
		{75454D25-C655-406A-8A7E-2484C4C44EAE}.Release|Any CPU.ActiveCfg = Release|Any CPU
		{75454D25-C655-406A-8A7E-2484C4C44EAE}.Release|Any CPU.Build.0 = Release|Any CPU

		{0214f7d3-d939-4b76-a842-bfeb3c12f0ce}.Debug|Any CPU.ActiveCfg = Debug|Any CPU
		{0214f7d3-d939-4b76-a842-bfeb3c12f0ce}.Debug|Any CPU.Build.0 = Debug|Any CPU
		{0214f7d3-d939-4b76-a842-bfeb3c12f0ce}.Release|Any CPU.ActiveCfg = Release|Any CPU
		{0214f7d3-d939-4b76-a842-bfeb3c12f0ce}.Release|Any CPU.Build.0 = Release|Any CPU
	EndGlobalSection
EndGlobal
